
Microsoft Visual Studio Solution File, Format Version 12.00
# Visual Studio Version 17
VisualStudioVersion = 17.7.34031.279
MinimumVisualStudioVersion = 10.0.40219.1
Project("{9A19103F-16F7-4668-BE54-9A1E7A4F7556}") = "FlexTasker", "FlexTasker\FlexTasker.csproj", "{6EB40E38-FB50-4102-B3CF-3C205086A138}"
EndProject
Global
	GlobalSection(SolutionConfigurationPlatforms) = preSolution
		Debug|Any CPU = Debug|Any CPU
		Release|Any CPU = Release|Any CPU
	EndGlobalSection
	GlobalSection(ProjectConfigurationPlatforms) = postSolution
		{6EB40E38-FB50-4102-B3CF-3C205086A138}.Debug|Any CPU.ActiveCfg = Debug|Any CPU
		{6EB40E38-FB50-4102-B3CF-3C205086A138}.Debug|Any CPU.Build.0 = Debug|Any CPU
		{6EB40E38-FB50-4102-B3CF-3C205086A138}.Release|Any CPU.ActiveCfg = Release|Any CPU
		{6EB40E38-FB50-4102-B3CF-3C205086A138}.Release|Any CPU.Build.0 = Release|Any CPU
	EndGlobalSection
	GlobalSection(SolutionProperties) = preSolution
		HideSolutionNode = FALSE
	EndGlobalSection
	GlobalSection(ExtensibilityGlobals) = postSolution
		SolutionGuid = {E43CFA43-09E6-4CD8-BE78-CB3675EC247E}
	EndGlobalSection
EndGlobal
